
Microsoft Visual Studio Solution File, Format Version 12.00
# Visual Studio Version 17
VisualStudioVersion = 17.5.002.0
MinimumVisualStudioVersion = 10.0.40219.1
Project("{2150E333-8FDC-42A3-9474-1A3956D46DE8}") = "src", "src", "{38EB8A56-230A-44A3-B490-9390841A6BE4}"
EndProject
Project("{9A19103F-16F7-4668-BE54-9A1E7A4F7556}") = "TestRazor", "src\TestRazor\TestRazor.csproj", "{68B1710C-CE64-49C2-928B-9115CA6D9E65}"
EndProject
Global
	GlobalSection(SolutionConfigurationPlatforms) = preSolution
		Debug|Any CPU = Debug|Any CPU
		Release|Any CPU = Release|Any CPU
	EndGlobalSection
	GlobalSection(ProjectConfigurationPlatforms) = postSolution
		{68B1710C-CE64-49C2-928B-9115CA6D9E65}.Debug|Any CPU.ActiveCfg = Debug|Any CPU
		{68B1710C-CE64-49C2-928B-9115CA6D9E65}.Debug|Any CPU.Build.0 = Debug|Any CPU
		{68B1710C-CE64-49C2-928B-9115CA6D9E65}.Release|Any CPU.ActiveCfg = Release|Any CPU
		{68B1710C-CE64-49C2-928B-9115CA6D9E65}.Release|Any CPU.Build.0 = Release|Any CPU
	EndGlobalSection
	GlobalSection(SolutionProperties) = preSolution
		HideSolutionNode = FALSE
	EndGlobalSection
	GlobalSection(NestedProjects) = preSolution
		{68B1710C-CE64-49C2-928B-9115CA6D9E65} = {38EB8A56-230A-44A3-B490-9390841A6BE4}
	EndGlobalSection
	GlobalSection(ExtensibilityGlobals) = postSolution
		SolutionGuid = {6B0D642E-3BC2-408F-9624-B2A305AE50C9}
	EndGlobalSection
EndGlobal
